{
  "object": {
    "pins": [
      {
        "package": "CSqlite3",
        "repositoryURL": "https://github.com/michaelnisi/csqlite.git",
        "state": {
          "branch": null,
          "revision": "ca041aa06070b630789f7ad1e017f40c48c9e491",
          "version": "1.0.4"
        }
      }
    ]
  },
  "version": 1
}
